<?xml version="1.0" encoding="UTF-8"?>
<CONFIG>
  <ProjectOptions>
    <Version Value="12"/>
    <PathDelim Value="\"/>
    <General>
      <Flags>
        <SaveClosedFiles Value="False"/>
        <SaveJumpHistory Value="False"/>
        <SaveFoldState Value="False"/>
      </Flags>
      <SessionStorage Value="InProjectDir"/>
      <Title Value="project1"/>
      <Scaled Value="True"/>
      <ResourceType Value="res"/>
      <UseXPManifest Value="True"/>
      <XPManifest>
        <DpiAware Value="True"/>
      </XPManifest>
      <Icon Value="0"/>
    </General>
    <BuildModes>
      <Item Name="Default" Default="True"/>
    </BuildModes>
    <PublishOptions>
      <Version Value="2"/>
      <UseFileFilters Value="True"/>
    </PublishOptions>
    <RunParams>
      <FormatVersion Value="2"/>
    </RunParams>
    <RequiredPackages>
      <Item>
        <PackageName Value="indylaz"/>
      </Item>
      <Item>
        <PackageName Value="OrangeUIListItemStyle"/>
      </Item>
      <Item>
        <PackageName Value="BGRABitmapPack"/>
      </Item>
      <Item>
        <PackageName Value="OrangeUIControl_Lazarus"/>
      </Item>
      <Item>
        <PackageName Value="LCL"/>
      </Item>
    </RequiredPackages>
    <Units>
      <Unit>
        <Filename Value="project1.lpr"/>
        <IsPartOfProject Value="True"/>
      </Unit>
      <Unit>
        <Filename Value="MainForm.pas"/>
        <IsPartOfProject Value="True"/>
        <ComponentName Value="frmMain"/>
        <HasResources Value="True"/>
        <ResourceBaseClass Value="Form"/>
      </Unit>
      <Unit>
        <Filename Value="..\..\OrangeProjectCommon\EasyServiceCommonMaterialDataMoudle_VCL_Lazarus.pas"/>
        <IsPartOfProject Value="True"/>
        <ComponentName Value="dmEasyServiceCommonMaterial"/>
        <HasResources Value="True"/>
        <ResourceBaseClass Value="DataModule"/>
      </Unit>
      <Unit>
        <Filename Value="ButtonFrame.pas"/>
        <IsPartOfProject Value="True"/>
        <ComponentName Value="FrameButton"/>
        <HasResources Value="True"/>
        <ResourceBaseClass Value="Frame"/>
      </Unit>
      <Unit>
        <Filename Value="CheckBoxFrame.pas"/>
        <IsPartOfProject Value="True"/>
        <ComponentName Value="FrameCheckBox"/>
        <HasResources Value="True"/>
        <ResourceBaseClass Value="Frame"/>
      </Unit>
      <Unit>
        <Filename Value="DashBoard_AnalyseFrame.pas"/>
        <IsPartOfProject Value="True"/>
        <ComponentName Value="FrameDashBoard_Analyse"/>
        <HasResources Value="True"/>
        <ResourceBaseClass Value="Frame"/>
      </Unit>
      <Unit>
        <Filename Value="DashBoard_ProjectsFrame.pas"/>
        <IsPartOfProject Value="True"/>
        <ComponentName Value="FrameDashBoard_Projects"/>
        <HasResources Value="True"/>
        <ResourceBaseClass Value="Frame"/>
      </Unit>
      <Unit>
        <Filename Value="DashBoard_Analyse_BarChart_MonthSummaryFrame.pas"/>
        <IsPartOfProject Value="True"/>
        <ComponentName Value="FrameBarChart_MonthSummary"/>
        <HasResources Value="True"/>
        <ResourceBaseClass Value="Frame"/>
      </Unit>
      <Unit>
        <Filename Value="DashBoard_Projects_PieChart_ProjectStatusFrame.pas"/>
        <IsPartOfProject Value="True"/>
        <ComponentName Value="FramePieChart_ProjectStatus"/>
        <HasResources Value="True"/>
        <ResourceBaseClass Value="Frame"/>
      </Unit>
      <Unit>
        <Filename Value="DashBoard_Analyse_ItemGrid_TwoCellTextFrame.pas"/>
        <IsPartOfProject Value="True"/>
        <ComponentName Value="FrameItemGrid_TwoCellText"/>
        <HasResources Value="True"/>
        <ResourceBaseClass Value="Frame"/>
      </Unit>
      <Unit>
        <Filename Value="DashBoard_Projects_ItemGrid_TwoCellTextHasBackColorFrame.pas"/>
        <IsPartOfProject Value="True"/>
        <ComponentName Value="FrameItemGrid_TwoCellTextHasBackColor"/>
        <HasResources Value="True"/>
        <ResourceBaseClass Value="Frame"/>
      </Unit>
      <Unit>
        <Filename Value="LoginForm.pas"/>
        <IsPartOfProject Value="True"/>
        <ComponentName Value="frmLogin"/>
        <HasResources Value="True"/>
        <ResourceBaseClass Value="Form"/>
      </Unit>
      <Unit>
        <Filename Value="HomeFrame.pas"/>
        <IsPartOfProject Value="True"/>
        <ComponentName Value="FrameHome"/>
        <HasResources Value="True"/>
        <ResourceBaseClass Value="Frame"/>
      </Unit>
      <Unit>
        <Filename Value="..\..\OrangeUIControl\Source\VCL\NativeCanvas\uNativeSkinPictureEngine.pas"/>
        <IsPartOfProject Value="True"/>
      </Unit>
      <Unit>
        <Filename Value="..\..\OrangeUIControl\Source\VCL\NativeCanvas\uNativeDrawCanvas.pas"/>
        <IsPartOfProject Value="True"/>
      </Unit>
      <Unit>
        <Filename Value="..\..\OrangeUIListItemStyles_VCL\ListItemStyle_Default.pas"/>
        <IsPartOfProject Value="True"/>
        <HasResources Value="True"/>
      </Unit>
      <Unit>
        <Filename Value="..\..\OrangeUIControl\Source\VCL\BGRACanvas\uBGRABufferBitmap.pas"/>
        <IsPartOfProject Value="True"/>
      </Unit>
      <Unit>
        <Filename Value="..\..\OrangeUIControl\Source\VCL\BGRACanvas\uBGRADrawCanvas.pas"/>
        <IsPartOfProject Value="True"/>
      </Unit>
      <Unit>
        <Filename Value="..\..\OrangeUIControl\Source\VCL\BGRACanvas\uBGRASkinPictureEngine.pas"/>
        <IsPartOfProject Value="True"/>
      </Unit>
      <Unit>
        <Filename Value="EditFrame.pas"/>
        <IsPartOfProject Value="True"/>
        <ComponentName Value="FrameEdit"/>
        <HasResources Value="True"/>
        <ResourceBaseClass Value="Frame"/>
      </Unit>
      <Unit>
        <Filename Value="EditGoodsFrame.pas"/>
        <IsPartOfProject Value="True"/>
        <ComponentName Value="FrameEditGoods"/>
        <HasResources Value="True"/>
        <ResourceBaseClass Value="Frame"/>
      </Unit>
      <Unit>
        <Filename Value="..\..\OrangeProjectCommon\uBGRASVGSupport.pas"/>
        <IsPartOfProject Value="True"/>
      </Unit>
      <Unit>
        <Filename Value="..\..\OrangeProjectCommon\uRestInterfaceCall.pas"/>
        <IsPartOfProject Value="True"/>
      </Unit>
      <Unit>
        <Filename Value="..\..\OrangeProjectCommon\uDataSetToJson.pas"/>
        <IsPartOfProject Value="True"/>
      </Unit>
      <Unit>
        <Filename Value="..\..\OrangeProjectCommon\uIdHttpControl.pas"/>
        <IsPartOfProject Value="True"/>
      </Unit>
      <Unit>
        <Filename Value="uconst.pas"/>
        <IsPartOfProject Value="True"/>
        <UnitName Value="uConst"/>
      </Unit>
      <Unit>
        <Filename Value="..\..\OrangeProjectCommon\uOpenClientCommon.pas"/>
        <IsPartOfProject Value="True"/>
      </Unit>
      <Unit>
        <Filename Value="..\..\OrangeProjectCommon\uManager.pas"/>
        <IsPartOfProject Value="True"/>
      </Unit>
      <Unit>
        <Filename Value="OrderGridFrame.pas"/>
        <IsPartOfProject Value="True"/>
        <HasResources Value="True"/>
      </Unit>
      <Unit>
        <Filename Value="..\..\OrangeProjectCommon\VCLFrames_Lazarus\GridSwitchPageFrame.dfm"/>
        <IsPartOfProject Value="True"/>
      </Unit>
      <Unit>
        <Filename Value="..\..\OrangeProjectCommon\VCLFrames_Lazarus\GridSwitchPageFrame.pas"/>
        <IsPartOfProject Value="True"/>
        <HasResources Value="True"/>
      </Unit>
      <Unit>
        <Filename Value="..\..\OrangeProjectCommon\VCLFrames\WaitingForm_VCL\WaitingForm.pas"/>
        <IsPartOfProject Value="True"/>
        <HasResources Value="True"/>
      </Unit>
      <Unit>
        <Filename Value="ItemGrid_DefaultFrame.pas"/>
        <IsPartOfProject Value="True"/>
        <HasResources Value="True"/>
      </Unit>
    </Units>
  </ProjectOptions>
  <CompilerOptions>
    <Version Value="11"/>
    <PathDelim Value="\"/>
    <Target>
      <Filename Value="project1"/>
    </Target>
    <SearchPaths>
      <IncludeFiles Value="$(ProjOutDir)"/>
      <OtherUnitFiles Value="D:\MyFiles\OrangeUIControlNew\lib\x86_64-win64\;..\..\OrangeProjectCommon;..\..\OrangeUIListItemStyles_VCL;..\..\OrangeUIControl\Source\VCL\BGRACanvas;..\..\OrangeUIControl\Source\VCL\NativeCanvas;..\..\OrangeProjectCommon\VCLFrames_Lazarus;..\..\OrangeProjectCommon\VCLFrames\WaitingForm_VCL"/>
      <UnitOutputDirectory Value="lib\$(TargetCPU)-$(TargetOS)"/>
    </SearchPaths>
    <Linking>
      <Debugging>
        <DebugInfoType Value="dsDwarf2Set"/>
      </Debugging>
      <Options>
        <Win32>
          <GraphicApplication Value="True"/>
        </Win32>
      </Options>
    </Linking>
  </CompilerOptions>
  <Debugging>
    <Exceptions>
      <Item>
        <Name Value="EAbort"/>
      </Item>
      <Item>
        <Name Value="ECodetoolError"/>
      </Item>
      <Item>
        <Name Value="EFOpenError"/>
      </Item>
    </Exceptions>
  </Debugging>
</CONFIG>
